
Microsoft Visual Studio Solution File, Format Version 12.00
# Visual Studio 15
VisualStudioVersion = 15.0.27004.2008
MinimumVisualStudioVersion = 10.0.40219.1
Project("{FAE04EC0-301F-11D3-BF4B-00C04F79EFBC}") = "Stark.Service", "Stark\Stark.Service.csproj", "{3741A034-08B2-40A8-8BE7-8AC6BD6AEC62}"
EndProject
Project("{FAE04EC0-301F-11D3-BF4B-00C04F79EFBC}") = "Stark.DAL", "Stark.DAL\Stark.DAL.csproj", "{48A3865A-FEBD-4744-8FEC-52C7CCD648C3}"
EndProject
Project("{FAE04EC0-301F-11D3-BF4B-00C04F79EFBC}") = "Stark.Presentation", "Stark.Presentation\Stark.Presentation.csproj", "{CE5730EB-DCAF-4908-AF91-7ED4E55BF100}"
EndProject
Global
	GlobalSection(SolutionConfigurationPlatforms) = preSolution
		Debug|Any CPU = Debug|Any CPU
		Release|Any CPU = Release|Any CPU
	EndGlobalSection
	GlobalSection(ProjectConfigurationPlatforms) = postSolution
		{3741A034-08B2-40A8-8BE7-8AC6BD6AEC62}.Debug|Any CPU.ActiveCfg = Debug|Any CPU
		{3741A034-08B2-40A8-8BE7-8AC6BD6AEC62}.Debug|Any CPU.Build.0 = Debug|Any CPU
		{3741A034-08B2-40A8-8BE7-8AC6BD6AEC62}.Release|Any CPU.ActiveCfg = Release|Any CPU
		{3741A034-08B2-40A8-8BE7-8AC6BD6AEC62}.Release|Any CPU.Build.0 = Release|Any CPU
		{48A3865A-FEBD-4744-8FEC-52C7CCD648C3}.Debug|Any CPU.ActiveCfg = Debug|Any CPU
		{48A3865A-FEBD-4744-8FEC-52C7CCD648C3}.Debug|Any CPU.Build.0 = Debug|Any CPU
		{48A3865A-FEBD-4744-8FEC-52C7CCD648C3}.Release|Any CPU.ActiveCfg = Release|Any CPU
		{48A3865A-FEBD-4744-8FEC-52C7CCD648C3}.Release|Any CPU.Build.0 = Release|Any CPU
		{CE5730EB-DCAF-4908-AF91-7ED4E55BF100}.Debug|Any CPU.ActiveCfg = Debug|Any CPU
		{CE5730EB-DCAF-4908-AF91-7ED4E55BF100}.Debug|Any CPU.Build.0 = Debug|Any CPU
		{CE5730EB-DCAF-4908-AF91-7ED4E55BF100}.Release|Any CPU.ActiveCfg = Release|Any CPU
		{CE5730EB-DCAF-4908-AF91-7ED4E55BF100}.Release|Any CPU.Build.0 = Release|Any CPU
	EndGlobalSection
	GlobalSection(SolutionProperties) = preSolution
		HideSolutionNode = FALSE
	EndGlobalSection
	GlobalSection(ExtensibilityGlobals) = postSolution
		SolutionGuid = {4D731BB4-775F-4AC2-B73A-2FF09454CD8A}
	EndGlobalSection
EndGlobal
